// !$*UTF8*$!
{
	archiveVersion = 1;
	classes = {
	};
	objectVersion = 46;
	objects = {

/* Begin PBXBuildFile section */
		126C32511CD7A95B00FCCBFF /* main.m in Sources */ = {isa = PBXBuildFile; fileRef = 126C32501CD7A95B00FCCBFF /* main.m */; };
/* End PBXBuildFile section */

/* Begin PBXCopyFilesBuildPhase section */
		126C324B1CD7A95B00FCCBFF /* CopyFiles */ = {
			isa = PBXCopyFilesBuildPhase;
			buildActionMask = 2147483647;
			dstPath = /usr/share/man/man1/;
			dstSubfolderSpec = 0;
			files = (
			);
			runOnlyForDeploymentPostprocessing = 1;
		};
/* End PBXCopyFilesBuildPhase section */

/* Begin PBXFileReference section */
		126C324D1CD7A95B00FCCBFF /* W1D1-Variables */ = {isa = PBXFileReference; explicitFileType = "compiled.mach-o.executable"; includeInIndex = 0; path = "W1D1-Variables"; sourceTree = BUILT_PRODUCTS_DIR; };
		126C32501CD7A95B00FCCBFF /* main.m */ = {isa = PBXFileReference; lastKnownFileType = sourcecode.c.objc; path = main.m; sourceTree = "<group>"; };
/* End PBXFileReference section */

/* Begin PBXFrameworksBuildPhase section */
		126C324A1CD7A95B00FCCBFF /* Frameworks */ = {
			isa = PBXFrameworksBuildPhase;
			buildActionMask = 2147483647;
			files = (
			);
			runOnlyForDeploymentPostprocessing = 0;
		};
/* End PBXFrameworksBuildPhase section */

/* Begin PBXGroup section */
		126C32441CD7A95B00FCCBFF = {
			isa = PBXGroup;
			children = (
				126C324F1CD7A95B00FCCBFF /* W1D1-Variables */,
				126C324E1CD7A95B00FCCBFF /* Products */,
			);
			sourceTree = "<group>";
		};
		126C324E1CD7A95B00FCCBFF /* Products */ = {
			isa = PBXGroup;
			children = (
				126C324D1CD7A95B00FCCBFF /* W1D1-Variables */,
			);
			name = Products;
			sourceTree = "<group>";
		};
		126C324F1CD7A95B00FCCBFF /* W1D1-Variables */ = {
			isa = PBXGroup;
			children = (
				126C32501CD7A95B00FCCBFF /* main.m */,
			);
			path = "W1D1-Variables";
			sourceTree = "<group>";
		};
/* End PBXGroup section */

/* Begin PBXNativeTarget section */
		126C324C1CD7A95B00FCCBFF /* W1D1-Variables */ = {
			isa = PBXNativeTarget;
			buildConfigurationList = 126C32541CD7A95B00FCCBFF /* Build configuration list for PBXNativeTarget "W1D1-Variables" */;
			buildPhases = (
				126C32491CD7A95B00FCCBFF /* Sources */,
				126C324A1CD7A95B00FCCBFF /* Frameworks */,
				126C324B1CD7A95B00FCCBFF /* CopyFiles */,
			);
			buildRules = (
			);
			dependencies = (
			);
			name = "W1D1-Variables";
			productName = "W1D1-Variables";
			productReference = 126C324D1CD7A95B00FCCBFF /* W1D1-Variables */;
			productType = "com.apple.product-type.tool";
		};
/* End PBXNativeTarget section */

/* Begin PBXProject section */
		126C32451CD7A95B00FCCBFF /* Project object */ = {
			isa = PBXProject;
			attributes = {
				LastUpgradeCheck = 0730;
				ORGANIZATIONNAME = "Daniel Mathews";
				TargetAttributes = {
					126C324C1CD7A95B00FCCBFF = {
						CreatedOnToolsVersion = 7.3;
					};
				};
			};
			buildConfigurationList = 126C32481CD7A95B00FCCBFF /* Build configuration list for PBXProject "W1D1-Variables" */;
			compatibilityVersion = "Xcode 3.2";
			developmentRegion = English;
			hasScannedForEncodings = 0;
			knownRegions = (
				en,
			);
			mainGroup = 126C32441CD7A95B00FCCBFF;
			productRefGroup = 126C324E1CD7A95B00FCCBFF /* Products */;
			projectDirPath = "";
			projectRoot = "";
			targets = (
				126C324C1CD7A95B00FCCBFF /* W1D1-Variables */,
			);
		};
/* End PBXProject section */

/* Begin PBXSourcesBuildPhase section */
		126C32491CD7A95B00FCCBFF /* Sources */ = {
			isa = PBXSourcesBuildPhase;
			buildActionMask = 2147483647;
			files = (
				126C32511CD7A95B00FCCBFF /* main.m in Sources */,
			);
			runOnlyForDeploymentPostprocessing = 0;
		};
/* End PBXSourcesBuildPhase section */

/* Begin XCBuildConfiguration section */
		126C32521CD7A95B00FCCBFF /* Debug */ = {
			isa = XCBuildConfiguration;
			buildSettings = {
				ALWAYS_SEARCH_USER_PATHS = NO;
				CLANG_ANALYZER_NONNULL = YES;
				CLANG_CXX_LANGUAGE_STANDARD = "gnu++0x";
				CLANG_CXX_LIBRARY = "libc++";
				CLANG_ENABLE_MODULES = YES;
				CLANG_ENABLE_OBJC_ARC = YES;
				CLANG_WARN_BOOL_CONVERSION = YES;
				CLANG_WARN_CONSTANT_CONVERSION = YES;
				CLANG_WARN_DIRECT_OBJC_ISA_USAGE = YES_ERROR;
				CLANG_WARN_EMPTY_BODY = YES;
				CLANG_WARN_ENUM_CONVERSION = YES;
				CLANG_WARN_INT_CONVERSION = YES;
				CLANG_WARN_OBJC_ROOT_CLASS = YES_ERROR;
				CLANG_WARN_UNREACHABLE_CODE = YES;
				CLANG_WARN__DUPLICATE_METHOD_MATCH = YES;
				CODE_SIGN_IDENTITY = "-";
				COPY_PHASE_STRIP = NO;
				DEBUG_INFORMATION_FORMAT = dwarf;
				ENABLE_STRICT_OBJC_MSGSEND = YES;
				ENABLE_TESTABILITY = YES;
				GCC_C_LANGUAGE_STANDARD = gnu99;
				GCC_DYNAMIC_NO_PIC = NO;
				GCC_NO_COMMON_BLOCKS = YES;
				GCC_OPTIMIZATION_LEVEL = 0;
				GCC_PREPROCESSOR_DEFINITIONS = (
					"DEBUG=1",
					"$(inherited)",
				);
				GCC_WARN_64_TO_32_BIT_CONVERSION = YES;
				GCC_WARN_ABOUT_RETURN_TYPE = YES_ERROR;
				GCC_WARN_UNDECLARED_SELECTOR = YES;
				GCC_WARN_UNINITIALIZED_AUTOS = YES_AGGRESSIVE;
				GCC_WARN_UNUSED_FUNCTION = YES;
				GCC_WARN_UNUSED_VARIABLE = YES;
				MACOSX_DEPLOYMENT_TARGET = 10.11;
				MTL_ENABLE_DEBUG_INFO = YES;
				ONLY_ACTIVE_ARCH = YES;
				SDKROOT = macosx;
			};
			name = Debug;
		};
		126C32531CD7A95B00FCCBFF /* Release */ = {
			isa = XCBuildConfiguration;
			buildSettings = {
				ALWAYS_SEARCH_USER_PATHS = NO;
				CLANG_ANALYZER_NONNULL = YES;
				CLANG_CXX_LANGUAGE_STANDARD = "gnu++0x";
				CLANG_CXX_LIBRARY = "libc++";
				CLANG_ENABLE_MODULES = YES;
				CLANG_ENABLE_OBJC_ARC = YES;
				CLANG_WARN_BOOL_CONVERSION = YES;
				CLANG_WARN_CONSTANT_CONVERSION = YES;
				CLANG_WARN_DIRECT_OBJC_ISA_USAGE = YES_ERROR;
				CLANG_WARN_EMPTY_BODY = YES;
				CLANG_WARN_ENUM_CONVERSION = YES;
				CLANG_WARN_INT_CONVERSION = YES;
				CLANG_WARN_OBJC_ROOT_CLASS = YES_ERROR;
				CLANG_WARN_UNREACHABLE_CODE = YES;
				CLANG_WARN__DUPLICATE_METHOD_MATCH = YES;
				CODE_SIGN_IDENTITY = "-";
				COPY_PHASE_STRIP = NO;
				DEBUG_INFORMATION_FORMAT = "dwarf-with-dsym";
				ENABLE_NS_ASSERTIONS = NO;
				ENABLE_STRICT_OBJC_MSGSEND = YES;
				GCC_C_LANGUAGE_STANDARD = gnu99;
				GCC_NO_COMMON_BLOCKS = YES;
				GCC_WARN_64_TO_32_BIT_CONVERSION = YES;
				GCC_WARN_ABOUT_RETURN_TYPE = YES_ERROR;
				GCC_WARN_UNDECLARED_SELECTOR = YES;
				GCC_WARN_UNINITIALIZED_AUTOS = YES_AGGRESSIVE;
				GCC_WARN_UNUSED_FUNCTION = YES;
				GCC_WARN_UNUSED_VARIABLE = YES;
				MACOSX_DEPLOYMENT_TARGET = 10.11;
				MTL_ENABLE_DEBUG_INFO = NO;
				SDKROOT = macosx;
			};
			name = Release;
		};
		126C32551CD7A95B00FCCBFF /* Debug */ = {
			isa = XCBuildConfiguration;
			buildSettings = {
				PRODUCT_NAME = "$(TARGET_NAME)";
			};
			name = Debug;
		};
		126C32561CD7A95B00FCCBFF /* Release */ = {
			isa = XCBuildConfiguration;
			buildSettings = {
				PRODUCT_NAME = "$(TARGET_NAME)";
			};
			name = Release;
		};
/* End XCBuildConfiguration section */

/* Begin XCConfigurationList section */
		126C32481CD7A95B00FCCBFF /* Build configuration list for PBXProject "W1D1-Variables" */ = {
			isa = XCConfigurationList;
			buildConfigurations = (
				126C32521CD7A95B00FCCBFF /* Debug */,
				126C32531CD7A95B00FCCBFF /* Release */,
			);
			defaultConfigurationIsVisible = 0;
			defaultConfigurationName = Release;
		};
		126C32541CD7A95B00FCCBFF /* Build configuration list for PBXNativeTarget "W1D1-Variables" */ = {
			isa = XCConfigurationList;
			buildConfigurations = (
				126C32551CD7A95B00FCCBFF /* Debug */,
				126C32561CD7A95B00FCCBFF /* Release */,
			);
			defaultConfigurationIsVisible = 0;
		};
/* End XCConfigurationList section */
	};
	rootObject = 126C32451CD7A95B00FCCBFF /* Project object */;
}
